
Microsoft Visual Studio Solution File, Format Version 12.00
# Visual Studio Version 16
VisualStudioVersion = 16.0.29806.167
MinimumVisualStudioVersion = 10.0.40219.1
Project("{FAE04EC0-301F-11D3-BF4B-00C04F79EFBC}") = "Vacations.API", "Vacations.API\Vacations.API.csproj", "{5CB2620E-CD5E-48BD-8BDC-574F5093D19A}"
EndProject
Project("{FAE04EC0-301F-11D3-BF4B-00C04F79EFBC}") = "VacationUnitTest", "VacationUnitTest\VacationUnitTest.csproj", "{40913A9F-F00B-4648-B2D1-7A2162C5FAB2}"
EndProject
Global
	GlobalSection(SolutionConfigurationPlatforms) = preSolution
		Debug|Any CPU = Debug|Any CPU
		Release|Any CPU = Release|Any CPU
	EndGlobalSection
	GlobalSection(ProjectConfigurationPlatforms) = postSolution
		{5CB2620E-CD5E-48BD-8BDC-574F5093D19A}.Debug|Any CPU.ActiveCfg = Debug|Any CPU
		{5CB2620E-CD5E-48BD-8BDC-574F5093D19A}.Debug|Any CPU.Build.0 = Debug|Any CPU
		{5CB2620E-CD5E-48BD-8BDC-574F5093D19A}.Release|Any CPU.ActiveCfg = Release|Any CPU
		{5CB2620E-CD5E-48BD-8BDC-574F5093D19A}.Release|Any CPU.Build.0 = Release|Any CPU
		{40913A9F-F00B-4648-B2D1-7A2162C5FAB2}.Debug|Any CPU.ActiveCfg = Debug|Any CPU
		{40913A9F-F00B-4648-B2D1-7A2162C5FAB2}.Debug|Any CPU.Build.0 = Debug|Any CPU
		{40913A9F-F00B-4648-B2D1-7A2162C5FAB2}.Release|Any CPU.ActiveCfg = Release|Any CPU
		{40913A9F-F00B-4648-B2D1-7A2162C5FAB2}.Release|Any CPU.Build.0 = Release|Any CPU
	EndGlobalSection
	GlobalSection(SolutionProperties) = preSolution
		HideSolutionNode = FALSE
	EndGlobalSection
	GlobalSection(ExtensibilityGlobals) = postSolution
		SolutionGuid = {49B74C32-5063-4FE2-9D3D-B7AFA953DC84}
	EndGlobalSection
EndGlobal
